
Microsoft Visual Studio Solution File, Format Version 12.00
# Visual Studio Version 17
VisualStudioVersion = 17.6.33723.286
MinimumVisualStudioVersion = 10.0.40219.1
Project("{FAE04EC0-301F-11D3-BF4B-00C04F79EFBC}") = "AdoNet", "AdoNet\AdoNet.csproj", "{C2032BAD-8EC9-4333-B29D-0B45DEA9E1DC}"
EndProject
Global
	GlobalSection(SolutionConfigurationPlatforms) = preSolution
		Debug|Any CPU = Debug|Any CPU
		Release|Any CPU = Release|Any CPU
	EndGlobalSection
	GlobalSection(ProjectConfigurationPlatforms) = postSolution
		{C2032BAD-8EC9-4333-B29D-0B45DEA9E1DC}.Debug|Any CPU.ActiveCfg = Debug|Any CPU
		{C2032BAD-8EC9-4333-B29D-0B45DEA9E1DC}.Debug|Any CPU.Build.0 = Debug|Any CPU
		{C2032BAD-8EC9-4333-B29D-0B45DEA9E1DC}.Release|Any CPU.ActiveCfg = Release|Any CPU
		{C2032BAD-8EC9-4333-B29D-0B45DEA9E1DC}.Release|Any CPU.Build.0 = Release|Any CPU
	EndGlobalSection
	GlobalSection(SolutionProperties) = preSolution
		HideSolutionNode = FALSE
	EndGlobalSection
	GlobalSection(ExtensibilityGlobals) = postSolution
		SolutionGuid = {8BD2F6BC-615B-4D7C-AF92-45806DFF3D34}
	EndGlobalSection
EndGlobal
